directories:
    modules: .wippy
    src: ./src
modules:
    - name: userspace/contract
      version: 0.4.1
      hash: c154e2cc11ca94ddd368307aced96cfbbd411a58e74e46339d50b4a9befc1d65
    - name: userspace/uploads
      version: 0.5.10
      hash: ed122feee05b275755a6f259bed437632631c543b1b7b88011132db908e421eb
    - name: userspace/users
      version: 0.1.5
      hash: 09ee988bed624dff05e78a1bf71203cdab46833b91b3c6b062a079c968688a80
    - name: wippy/agent
      version: 0.4.7
      hash: 04a73ea8a0d292011f439d9ad18bfca2223b467ceee059451cb6d49596b5a753
    - name: wippy/bootloader
      version: 0.3.12
      hash: 2b6d8eba7b46ef900024d3a7dbf06bd560fad645b8b2ac6296e2a8bad42f60b9
    - name: wippy/dataflow
      version: 0.4.11
      hash: ff41aef6b4b1c5b29c0c64dd4b4cc2eed1daa052f65f46ca55427d77a6c1d0a7
    - name: wippy/facade
      version: 0.5.39
      hash: 3e13a289b4b07356195c0463c3e49dc40ec157695fe820208b76fcb73d87deda
    - name: wippy/llm
      version: 0.4.28
      hash: 4e99f9034d84b22d3c40e213843e5e3a1efc9b5ad837a3e84c3a53abc72ae562
    - name: wippy/migration
      version: 0.3.16
      hash: 8a8e9e087f40ce6c1d84b579db08855f3f227cedd9cf48272ebc3f7cb7cbd9c9
    - name: wippy/relay
      version: 0.3.7
      hash: 407ca7eb102de1c8abb912506514392df0ae21c9a01e255c209683a5cf88d22b
    - name: wippy/security
      version: 0.4.0
      hash: 8dcf047cbf88a56fbbfa843aab09a37e8e809400ec887e1ff09471aa699fe7af
    - name: wippy/session
      version: 0.1.15
      hash: 1189df7318600441c6b04dab611e011c11275ed99786988b343672af35975eeb
    - name: wippy/terminal
      version: 0.4.3
      hash: 56141fae39a0e7a996dee6a9e8d7d45beb1a6c62bf7aeb79dd27ce8b72694a49
    - name: wippy/test
      version: 0.4.12
      hash: 23ccac1d11dbaf13d05ec0400e19189b435b892a4a18e95e69f49a22f1ceb99b
    - name: wippy/usage
      version: 0.3.23
      hash: 8a4d01de4de4a78a6e319a9b03b8f1ed5aa89e0d3cc271869d7583041d136140
    - name: wippy/views
      version: 0.4.30
      hash: 9c7fec0eb369af49e484a6eb896055f8d7dfed04c77828eac1ec4aeacb7d0808
