directories:
    modules: .wippy
    src: ./src
modules:
    - name: userspace/contract
      version: 0.4.1
      hash: c154e2cc11ca94ddd368307aced96cfbbd411a58e74e46339d50b4a9befc1d65
    - name: userspace/uploads
      version: 0.5.10
      hash: ed122feee05b275755a6f259bed437632631c543b1b7b88011132db908e421eb
    - name: wippy/agent
      version: 0.4.14
      hash: ff47bf040857d520fbf9e576f1b2d8653516d36d340b82e7ecfa8ce1ed2fe9b4
    - name: wippy/bootloader
      version: 0.3.13
      hash: 4f32d32b8a37a7c55b65e72242252eab2d53500591a83dca9787d742a65ff421
    - name: wippy/dataflow
      version: 0.4.25
      hash: 06b7501bf7173ddcd8239b38397c85cd61fcc35c5780114ae9ff590c498e643c
    - name: wippy/facade
      version: 0.5.39
      hash: 3e13a289b4b07356195c0463c3e49dc40ec157695fe820208b76fcb73d87deda
    - name: wippy/llm
      version: 0.4.35
      hash: 0fe840b50d9ec7d1f4082dca0027f6009cd539aff5f0fd9234c70673232f6905
    - name: wippy/migration
      version: 0.3.17
      hash: 55834821cd2832f8582a52e98772810ba3bdfe91d4967262d3d69e6e9c2b2879
    - name: wippy/relay
      version: 0.3.7
      hash: 407ca7eb102de1c8abb912506514392df0ae21c9a01e255c209683a5cf88d22b
    - name: wippy/security
      version: 0.4.1
      hash: 99367f0b7319ae40de517210838e984b0a110c19684e74a3c90b09f575d4783c
    - name: wippy/session
      version: 0.1.31
      hash: 9d9b2aca94b6857fea5e47bae014ff582a558a283dae1df5e997fe4fa948e671
    - name: wippy/terminal
      version: 0.4.4
      hash: 11fcb6a64895364fa603000afd66e9889b5a711bc881f2b4fe5723cd9772df2a
    - name: wippy/test
      version: 0.4.13
      hash: cfdbfc0a7cf05fa825d203b80ce92fbd24e03da00e2083efe21ff4266cb44608
    - name: wippy/usage
      version: 0.3.23
      hash: 8a4d01de4de4a78a6e319a9b03b8f1ed5aa89e0d3cc271869d7583041d136140
    - name: wippy/views
      version: 0.5.5
      hash: 51e8e1432f785dc3e4943bc33bd2374fe865e6829e9b722cd4b9753c0a2c5f0f
