directories:
    modules: .wippy
    src: .
modules:
    - name: keeper/keeper
      version: 0.5.79
    - name: userspace/contract
      version: 0.4.1
      hash: c154e2cc11ca94ddd368307aced96cfbbd411a58e74e46339d50b4a9befc1d65
    - name: userspace/uploads
      version: 0.5.20
      hash: d08b94c08818796409ec65988cad1c7471b5023e9f69cf916a2a926387c2e831
    - name: wippy/agent
      version: 0.4.17
      hash: f8b8ed9f8098e254f7b431ca9f5378672bb5deae33122b777d1714092bcca91a
    - name: wippy/bootloader
      version: 0.3.14
      hash: aa5e32807eba6a5ea0e5a224069a006288f58605c4542a444f5469caee862c58
    - name: wippy/dataflow
      version: 0.7.15
      hash: f0ecb0a9a89c61c516503b86d7d4db564bc597af2218e99c61e1f2dcc6880a72
    - name: wippy/llm
      version: 0.4.44
      hash: 26c48f82861ca423d17fa6fe18a610e29097db27ba44a687c98dcb3da108fb32
    - name: wippy/migration
      version: 0.3.18
      hash: e00cad6706bb95f556aeab5318a04e55d3884c027b09f6340fc4e7d69c905a17
    - name: wippy/security
      version: 0.4.2
      hash: 9020016afc9de612f5297d38ce99e8500c63a2986077e8b0e560d8636c506627
    - name: wippy/session
      version: 0.4.2
      hash: 651bd603d4102702372a4c199bc9f165087a38f6a4ae9579a45bca78710e9df8
    - name: wippy/terminal
      version: 0.4.5
      hash: 028180c6044cdd9bbe15330255a4926770e02a291511930264a615f6388824f0
    - name: wippy/test
      version: 0.4.17
      hash: 37a304cc20aa3005004255e9fda16835a94119db520c0c97e1db044c7844a229
    - name: wippy/views
      version: 0.5.10
      hash: a25c35b260e8f9c161f372aa8f5e80624af4db233f2b9de4a36d9015342f01fe
